
Microsoft Visual Studio Solution File, Format Version 12.00
# Visual Studio 15
VisualStudioVersion = 15.0.28307.421
MinimumVisualStudioVersion = 10.0.40219.1
Project("{FAE04EC0-301F-11D3-BF4B-00C04F79EFBC}") = "OrderLine", "OrderLine\OrderLine.csproj", "{7BA56FE4-BEE6-48FC-8D14-ADAD547C8E45}"
EndProject
Global
	GlobalSection(SolutionConfigurationPlatforms) = preSolution
		Debug|Any CPU = Debug|Any CPU
		Release|Any CPU = Release|Any CPU
	EndGlobalSection
	GlobalSection(ProjectConfigurationPlatforms) = postSolution
		{7BA56FE4-BEE6-48FC-8D14-ADAD547C8E45}.Debug|Any CPU.ActiveCfg = Debug|Any CPU
		{7BA56FE4-BEE6-48FC-8D14-ADAD547C8E45}.Debug|Any CPU.Build.0 = Debug|Any CPU
		{7BA56FE4-BEE6-48FC-8D14-ADAD547C8E45}.Release|Any CPU.ActiveCfg = Release|Any CPU
		{7BA56FE4-BEE6-48FC-8D14-ADAD547C8E45}.Release|Any CPU.Build.0 = Release|Any CPU
	EndGlobalSection
	GlobalSection(SolutionProperties) = preSolution
		HideSolutionNode = FALSE
	EndGlobalSection
	GlobalSection(ExtensibilityGlobals) = postSolution
		SolutionGuid = {C4ABE1A3-51EB-40FB-BAC4-8A0B39D39BF7}
	EndGlobalSection
EndGlobal
