
Microsoft Visual Studio Solution File, Format Version 12.00
# Visual Studio 15
VisualStudioVersion = 15.0.28307.421
MinimumVisualStudioVersion = 10.0.40219.1
Project("{FAE04EC0-301F-11D3-BF4B-00C04F79EFBC}") = "firstAndThirdTask", "firstAndThirdTask\firstAndThirdTask.csproj", "{2D0A2C31-0CA7-4267-A722-B3ABD2B09A7A}"
EndProject
Project("{FAE04EC0-301F-11D3-BF4B-00C04F79EFBC}") = "Extension methods Task2", "Extension methods Task2\Extension methods Task2.csproj", "{51737B44-1F93-41DD-A6A0-14D0FA469763}"
EndProject
Project("{FAE04EC0-301F-11D3-BF4B-00C04F79EFBC}") = "ForthTask", "Task4\ForthTask.csproj", "{A5872E84-5765-4854-90C2-11FA0CA2F564}"
EndProject
Global
	GlobalSection(SolutionConfigurationPlatforms) = preSolution
		Debug|Any CPU = Debug|Any CPU
		Release|Any CPU = Release|Any CPU
	EndGlobalSection
	GlobalSection(ProjectConfigurationPlatforms) = postSolution
		{2D0A2C31-0CA7-4267-A722-B3ABD2B09A7A}.Debug|Any CPU.ActiveCfg = Debug|Any CPU
		{2D0A2C31-0CA7-4267-A722-B3ABD2B09A7A}.Debug|Any CPU.Build.0 = Debug|Any CPU
		{2D0A2C31-0CA7-4267-A722-B3ABD2B09A7A}.Release|Any CPU.ActiveCfg = Release|Any CPU
		{2D0A2C31-0CA7-4267-A722-B3ABD2B09A7A}.Release|Any CPU.Build.0 = Release|Any CPU
		{51737B44-1F93-41DD-A6A0-14D0FA469763}.Debug|Any CPU.ActiveCfg = Debug|Any CPU
		{51737B44-1F93-41DD-A6A0-14D0FA469763}.Debug|Any CPU.Build.0 = Debug|Any CPU
		{51737B44-1F93-41DD-A6A0-14D0FA469763}.Release|Any CPU.ActiveCfg = Release|Any CPU
		{51737B44-1F93-41DD-A6A0-14D0FA469763}.Release|Any CPU.Build.0 = Release|Any CPU
		{A5872E84-5765-4854-90C2-11FA0CA2F564}.Debug|Any CPU.ActiveCfg = Debug|Any CPU
		{A5872E84-5765-4854-90C2-11FA0CA2F564}.Debug|Any CPU.Build.0 = Debug|Any CPU
		{A5872E84-5765-4854-90C2-11FA0CA2F564}.Release|Any CPU.ActiveCfg = Release|Any CPU
		{A5872E84-5765-4854-90C2-11FA0CA2F564}.Release|Any CPU.Build.0 = Release|Any CPU
	EndGlobalSection
	GlobalSection(SolutionProperties) = preSolution
		HideSolutionNode = FALSE
	EndGlobalSection
	GlobalSection(ExtensibilityGlobals) = postSolution
		SolutionGuid = {8E318FC2-064F-47E8-AAFD-51D600586553}
	EndGlobalSection
EndGlobal
